// !$*UTF8*$!
{
	archiveVersion = 1;
	classes = {
	};
	objectVersion = 50;
	objects = {

/* Begin PBXBuildFile section */
		2D9B9779DCD9E425C4E68E17 /* libPods-CryptoConverterApp.a in Frameworks */ = {isa = PBXBuildFile; fileRef = 1B1BF8DC65015EC6C1B00F68 /* libPods-CryptoConverterApp.a */; };
		30D2755E237FA228006AD3C7 /* AppDelegate.swift in Sources */ = {isa = PBXBuildFile; fileRef = 30D2755D237FA228006AD3C7 /* AppDelegate.swift */; };
		30D27560237FA228006AD3C7 /* SceneDelegate.swift in Sources */ = {isa = PBXBuildFile; fileRef = 30D2755F237FA228006AD3C7 /* SceneDelegate.swift */; };
		30D27562237FA228006AD3C7 /* ViewController.swift in Sources */ = {isa = PBXBuildFile; fileRef = 30D27561237FA228006AD3C7 /* ViewController.swift */; };
		30D27565237FA228006AD3C7 /* Main.storyboard in Resources */ = {isa = PBXBuildFile; fileRef = 30D27563237FA228006AD3C7 /* Main.storyboard */; };
		30D27567237FA22B006AD3C7 /* Assets.xcassets in Resources */ = {isa = PBXBuildFile; fileRef = 30D27566237FA22B006AD3C7 /* Assets.xcassets */; };
		30D2756A237FA22B006AD3C7 /* LaunchScreen.storyboard in Resources */ = {isa = PBXBuildFile; fileRef = 30D27568237FA22B006AD3C7 /* LaunchScreen.storyboard */; };
		30D27572237FA799006AD3C7 /* Quote.swift in Sources */ = {isa = PBXBuildFile; fileRef = 30D27571237FA799006AD3C7 /* Quote.swift */; };
/* End PBXBuildFile section */

/* Begin PBXFileReference section */
		1B1BF8DC65015EC6C1B00F68 /* libPods-CryptoConverterApp.a */ = {isa = PBXFileReference; explicitFileType = archive.ar; includeInIndex = 0; path = "libPods-CryptoConverterApp.a"; sourceTree = BUILT_PRODUCTS_DIR; };
		30D2755A237FA228006AD3C7 /* CryptoConverterApp.app */ = {isa = PBXFileReference; explicitFileType = wrapper.application; includeInIndex = 0; path = CryptoConverterApp.app; sourceTree = BUILT_PRODUCTS_DIR; };
		30D2755D237FA228006AD3C7 /* AppDelegate.swift */ = {isa = PBXFileReference; lastKnownFileType = sourcecode.swift; path = AppDelegate.swift; sourceTree = "<group>"; };
		30D2755F237FA228006AD3C7 /* SceneDelegate.swift */ = {isa = PBXFileReference; lastKnownFileType = sourcecode.swift; path = SceneDelegate.swift; sourceTree = "<group>"; };
		30D27561237FA228006AD3C7 /* ViewController.swift */ = {isa = PBXFileReference; lastKnownFileType = sourcecode.swift; path = ViewController.swift; sourceTree = "<group>"; };
		30D27564237FA228006AD3C7 /* Base */ = {isa = PBXFileReference; lastKnownFileType = file.storyboard; name = Base; path = Base.lproj/Main.storyboard; sourceTree = "<group>"; };
		30D27566237FA22B006AD3C7 /* Assets.xcassets */ = {isa = PBXFileReference; lastKnownFileType = folder.assetcatalog; path = Assets.xcassets; sourceTree = "<group>"; };
		30D27569237FA22B006AD3C7 /* Base */ = {isa = PBXFileReference; lastKnownFileType = file.storyboard; name = Base; path = Base.lproj/LaunchScreen.storyboard; sourceTree = "<group>"; };
		30D2756B237FA22B006AD3C7 /* Info.plist */ = {isa = PBXFileReference; lastKnownFileType = text.plist.xml; path = Info.plist; sourceTree = "<group>"; };
		30D27571237FA799006AD3C7 /* Quote.swift */ = {isa = PBXFileReference; lastKnownFileType = sourcecode.swift; path = Quote.swift; sourceTree = "<group>"; };
		54596777AD3B300A315DBE9F /* Pods-CryptoConverterApp.debug.xcconfig */ = {isa = PBXFileReference; includeInIndex = 1; lastKnownFileType = text.xcconfig; name = "Pods-CryptoConverterApp.debug.xcconfig"; path = "Target Support Files/Pods-CryptoConverterApp/Pods-CryptoConverterApp.debug.xcconfig"; sourceTree = "<group>"; };
		AB1DD6D754911B357C9106BA /* Pods-CryptoConverterApp.release.xcconfig */ = {isa = PBXFileReference; includeInIndex = 1; lastKnownFileType = text.xcconfig; name = "Pods-CryptoConverterApp.release.xcconfig"; path = "Target Support Files/Pods-CryptoConverterApp/Pods-CryptoConverterApp.release.xcconfig"; sourceTree = "<group>"; };
/* End PBXFileReference section */

/* Begin PBXFrameworksBuildPhase section */
		30D27557237FA228006AD3C7 /* Frameworks */ = {
			isa = PBXFrameworksBuildPhase;
			buildActionMask = 2147483647;
			files = (
				2D9B9779DCD9E425C4E68E17 /* libPods-CryptoConverterApp.a in Frameworks */,
			);
			runOnlyForDeploymentPostprocessing = 0;
		};
/* End PBXFrameworksBuildPhase section */

/* Begin PBXGroup section */
		30D27551237FA228006AD3C7 = {
			isa = PBXGroup;
			children = (
				30D2755C237FA228006AD3C7 /* CryptoConverterApp */,
				30D2755B237FA228006AD3C7 /* Products */,
				5C6626C40121917B27457FD0 /* Pods */,
				BB639079331FF2EFB973D83A /* Frameworks */,
			);
			sourceTree = "<group>";
		};
		30D2755B237FA228006AD3C7 /* Products */ = {
			isa = PBXGroup;
			children = (
				30D2755A237FA228006AD3C7 /* CryptoConverterApp.app */,
			);
			name = Products;
			sourceTree = "<group>";
		};
		30D2755C237FA228006AD3C7 /* CryptoConverterApp */ = {
			isa = PBXGroup;
			children = (
				30D2755D237FA228006AD3C7 /* AppDelegate.swift */,
				30D2755F237FA228006AD3C7 /* SceneDelegate.swift */,
				30D27561237FA228006AD3C7 /* ViewController.swift */,
				30D27571237FA799006AD3C7 /* Quote.swift */,
				30D27563237FA228006AD3C7 /* Main.storyboard */,
				30D27566237FA22B006AD3C7 /* Assets.xcassets */,
				30D27568237FA22B006AD3C7 /* LaunchScreen.storyboard */,
				30D2756B237FA22B006AD3C7 /* Info.plist */,
			);
			path = CryptoConverterApp;
			sourceTree = "<group>";
		};
		5C6626C40121917B27457FD0 /* Pods */ = {
			isa = PBXGroup;
			children = (
				54596777AD3B300A315DBE9F /* Pods-CryptoConverterApp.debug.xcconfig */,
				AB1DD6D754911B357C9106BA /* Pods-CryptoConverterApp.release.xcconfig */,
			);
			path = Pods;
			sourceTree = "<group>";
		};
		BB639079331FF2EFB973D83A /* Frameworks */ = {
			isa = PBXGroup;
			children = (
				1B1BF8DC65015EC6C1B00F68 /* libPods-CryptoConverterApp.a */,
			);
			name = Frameworks;
			sourceTree = "<group>";
		};
/* End PBXGroup section */

/* Begin PBXNativeTarget section */
		30D27559237FA228006AD3C7 /* CryptoConverterApp */ = {
			isa = PBXNativeTarget;
			buildConfigurationList = 30D2756E237FA22B006AD3C7 /* Build configuration list for PBXNativeTarget "CryptoConverterApp" */;
			buildPhases = (
				E608B5B791954601D80B4CFB /* [CP] Check Pods Manifest.lock */,
				30D27556237FA228006AD3C7 /* Sources */,
				30D27557237FA228006AD3C7 /* Frameworks */,
				30D27558237FA228006AD3C7 /* Resources */,
			);
			buildRules = (
			);
			dependencies = (
			);
			name = CryptoConverterApp;
			productName = CryptoConverterApp;
			productReference = 30D2755A237FA228006AD3C7 /* CryptoConverterApp.app */;
			productType = "com.apple.product-type.application";
		};
/* End PBXNativeTarget section */

/* Begin PBXProject section */
		30D27552237FA228006AD3C7 /* Project object */ = {
			isa = PBXProject;
			attributes = {
				LastSwiftUpdateCheck = 1110;
				LastUpgradeCheck = 1110;
				ORGANIZATIONNAME = "Другов Родион";
				TargetAttributes = {
					30D27559237FA228006AD3C7 = {
						CreatedOnToolsVersion = 11.1;
					};
				};
			};
			buildConfigurationList = 30D27555237FA228006AD3C7 /* Build configuration list for PBXProject "CryptoConverterApp" */;
			compatibilityVersion = "Xcode 9.3";
			developmentRegion = en;
			hasScannedForEncodings = 0;
			knownRegions = (
				en,
				Base,
			);
			mainGroup = 30D27551237FA228006AD3C7;
			productRefGroup = 30D2755B237FA228006AD3C7 /* Products */;
			projectDirPath = "";
			projectRoot = "";
			targets = (
				30D27559237FA228006AD3C7 /* CryptoConverterApp */,
			);
		};
/* End PBXProject section */

/* Begin PBXResourcesBuildPhase section */
		30D27558237FA228006AD3C7 /* Resources */ = {
			isa = PBXResourcesBuildPhase;
			buildActionMask = 2147483647;
			files = (
				30D2756A237FA22B006AD3C7 /* LaunchScreen.storyboard in Resources */,
				30D27567237FA22B006AD3C7 /* Assets.xcassets in Resources */,
				30D27565237FA228006AD3C7 /* Main.storyboard in Resources */,
			);
			runOnlyForDeploymentPostprocessing = 0;
		};
/* End PBXResourcesBuildPhase section */

/* Begin PBXShellScriptBuildPhase section */
		E608B5B791954601D80B4CFB /* [CP] Check Pods Manifest.lock */ = {
			isa = PBXShellScriptBuildPhase;
			buildActionMask = 2147483647;
			files = (
			);
			inputFileListPaths = (
			);
			inputPaths = (
				"${PODS_PODFILE_DIR_PATH}/Podfile.lock",
				"${PODS_ROOT}/Manifest.lock",
			);
			name = "[CP] Check Pods Manifest.lock";
			outputFileListPaths = (
			);
			outputPaths = (
				"$(DERIVED_FILE_DIR)/Pods-CryptoConverterApp-checkManifestLockResult.txt",
			);
			runOnlyForDeploymentPostprocessing = 0;
			shellPath = /bin/sh;
			shellScript = "diff \"${PODS_PODFILE_DIR_PATH}/Podfile.lock\" \"${PODS_ROOT}/Manifest.lock\" > /dev/null\nif [ $? != 0 ] ; then\n    # print error to STDERR\n    echo \"error: The sandbox is not in sync with the Podfile.lock. Run 'pod install' or update your CocoaPods installation.\" >&2\n    exit 1\nfi\n# This output is used by Xcode 'outputs' to avoid re-running this script phase.\necho \"SUCCESS\" > \"${SCRIPT_OUTPUT_FILE_0}\"\n";
			showEnvVarsInLog = 0;
		};
/* End PBXShellScriptBuildPhase section */

/* Begin PBXSourcesBuildPhase section */
		30D27556237FA228006AD3C7 /* Sources */ = {
			isa = PBXSourcesBuildPhase;
			buildActionMask = 2147483647;
			files = (
				30D27572237FA799006AD3C7 /* Quote.swift in Sources */,
				30D27562237FA228006AD3C7 /* ViewController.swift in Sources */,
				30D2755E237FA228006AD3C7 /* AppDelegate.swift in Sources */,
				30D27560237FA228006AD3C7 /* SceneDelegate.swift in Sources */,
			);
			runOnlyForDeploymentPostprocessing = 0;
		};
/* End PBXSourcesBuildPhase section */

/* Begin PBXVariantGroup section */
		30D27563237FA228006AD3C7 /* Main.storyboard */ = {
			isa = PBXVariantGroup;
			children = (
				30D27564237FA228006AD3C7 /* Base */,
			);
			name = Main.storyboard;
			sourceTree = "<group>";
		};
		30D27568237FA22B006AD3C7 /* LaunchScreen.storyboard */ = {
			isa = PBXVariantGroup;
			children = (
				30D27569237FA22B006AD3C7 /* Base */,
			);
			name = LaunchScreen.storyboard;
			sourceTree = "<group>";
		};
/* End PBXVariantGroup section */

/* Begin XCBuildConfiguration section */
		30D2756C237FA22B006AD3C7 /* Debug */ = {
			isa = XCBuildConfiguration;
			buildSettings = {
				ALWAYS_SEARCH_USER_PATHS = NO;
				CLANG_ANALYZER_NONNULL = YES;
				CLANG_ANALYZER_NUMBER_OBJECT_CONVERSION = YES_AGGRESSIVE;
				CLANG_CXX_LANGUAGE_STANDARD = "gnu++14";
				CLANG_CXX_LIBRARY = "libc++";
				CLANG_ENABLE_MODULES = YES;
				CLANG_ENABLE_OBJC_ARC = YES;
				CLANG_ENABLE_OBJC_WEAK = YES;
				CLANG_WARN_BLOCK_CAPTURE_AUTORELEASING = YES;
				CLANG_WARN_BOOL_CONVERSION = YES;
				CLANG_WARN_COMMA = YES;
				CLANG_WARN_CONSTANT_CONVERSION = YES;
				CLANG_WARN_DEPRECATED_OBJC_IMPLEMENTATIONS = YES;
				CLANG_WARN_DIRECT_OBJC_ISA_USAGE = YES_ERROR;
				CLANG_WARN_DOCUMENTATION_COMMENTS = YES;
				CLANG_WARN_EMPTY_BODY = YES;
				CLANG_WARN_ENUM_CONVERSION = YES;
				CLANG_WARN_INFINITE_RECURSION = YES;
				CLANG_WARN_INT_CONVERSION = YES;
				CLANG_WARN_NON_LITERAL_NULL_CONVERSION = YES;
				CLANG_WARN_OBJC_IMPLICIT_RETAIN_SELF = YES;
				CLANG_WARN_OBJC_LITERAL_CONVERSION = YES;
				CLANG_WARN_OBJC_ROOT_CLASS = YES_ERROR;
				CLANG_WARN_RANGE_LOOP_ANALYSIS = YES;
				CLANG_WARN_STRICT_PROTOTYPES = YES;
				CLANG_WARN_SUSPICIOUS_MOVE = YES;
				CLANG_WARN_UNGUARDED_AVAILABILITY = YES_AGGRESSIVE;
				CLANG_WARN_UNREACHABLE_CODE = YES;
				CLANG_WARN__DUPLICATE_METHOD_MATCH = YES;
				COPY_PHASE_STRIP = NO;
				DEBUG_INFORMATION_FORMAT = dwarf;
				ENABLE_STRICT_OBJC_MSGSEND = YES;
				ENABLE_TESTABILITY = YES;
				GCC_C_LANGUAGE_STANDARD = gnu11;
				GCC_DYNAMIC_NO_PIC = NO;
				GCC_NO_COMMON_BLOCKS = YES;
				GCC_OPTIMIZATION_LEVEL = 0;
				GCC_PREPROCESSOR_DEFINITIONS = (
					"DEBUG=1",
					"$(inherited)",
				);
				GCC_WARN_64_TO_32_BIT_CONVERSION = YES;
				GCC_WARN_ABOUT_RETURN_TYPE = YES_ERROR;
				GCC_WARN_UNDECLARED_SELECTOR = YES;
				GCC_WARN_UNINITIALIZED_AUTOS = YES_AGGRESSIVE;
				GCC_WARN_UNUSED_FUNCTION = YES;
				GCC_WARN_UNUSED_VARIABLE = YES;
				IPHONEOS_DEPLOYMENT_TARGET = 13.1;
				MTL_ENABLE_DEBUG_INFO = INCLUDE_SOURCE;
				MTL_FAST_MATH = YES;
				ONLY_ACTIVE_ARCH = YES;
				SDKROOT = iphoneos;
				SWIFT_ACTIVE_COMPILATION_CONDITIONS = DEBUG;
				SWIFT_OPTIMIZATION_LEVEL = "-Onone";
			};
			name = Debug;
		};
		30D2756D237FA22B006AD3C7 /* Release */ = {
			isa = XCBuildConfiguration;
			buildSettings = {
				ALWAYS_SEARCH_USER_PATHS = NO;
				CLANG_ANALYZER_NONNULL = YES;
				CLANG_ANALYZER_NUMBER_OBJECT_CONVERSION = YES_AGGRESSIVE;
				CLANG_CXX_LANGUAGE_STANDARD = "gnu++14";
				CLANG_CXX_LIBRARY = "libc++";
				CLANG_ENABLE_MODULES = YES;
				CLANG_ENABLE_OBJC_ARC = YES;
				CLANG_ENABLE_OBJC_WEAK = YES;
				CLANG_WARN_BLOCK_CAPTURE_AUTORELEASING = YES;
				CLANG_WARN_BOOL_CONVERSION = YES;
				CLANG_WARN_COMMA = YES;
				CLANG_WARN_CONSTANT_CONVERSION = YES;
				CLANG_WARN_DEPRECATED_OBJC_IMPLEMENTATIONS = YES;
				CLANG_WARN_DIRECT_OBJC_ISA_USAGE = YES_ERROR;
				CLANG_WARN_DOCUMENTATION_COMMENTS = YES;
				CLANG_WARN_EMPTY_BODY = YES;
				CLANG_WARN_ENUM_CONVERSION = YES;
				CLANG_WARN_INFINITE_RECURSION = YES;
				CLANG_WARN_INT_CONVERSION = YES;
				CLANG_WARN_NON_LITERAL_NULL_CONVERSION = YES;
				CLANG_WARN_OBJC_IMPLICIT_RETAIN_SELF = YES;
				CLANG_WARN_OBJC_LITERAL_CONVERSION = YES;
				CLANG_WARN_OBJC_ROOT_CLASS = YES_ERROR;
				CLANG_WARN_RANGE_LOOP_ANALYSIS = YES;
				CLANG_WARN_STRICT_PROTOTYPES = YES;
				CLANG_WARN_SUSPICIOUS_MOVE = YES;
				CLANG_WARN_UNGUARDED_AVAILABILITY = YES_AGGRESSIVE;
				CLANG_WARN_UNREACHABLE_CODE = YES;
				CLANG_WARN__DUPLICATE_METHOD_MATCH = YES;
				COPY_PHASE_STRIP = NO;
				DEBUG_INFORMATION_FORMAT = "dwarf-with-dsym";
				ENABLE_NS_ASSERTIONS = NO;
				ENABLE_STRICT_OBJC_MSGSEND = YES;
				GCC_C_LANGUAGE_STANDARD = gnu11;
				GCC_NO_COMMON_BLOCKS = YES;
				GCC_WARN_64_TO_32_BIT_CONVERSION = YES;
				GCC_WARN_ABOUT_RETURN_TYPE = YES_ERROR;
				GCC_WARN_UNDECLARED_SELECTOR = YES;
				GCC_WARN_UNINITIALIZED_AUTOS = YES_AGGRESSIVE;
				GCC_WARN_UNUSED_FUNCTION = YES;
				GCC_WARN_UNUSED_VARIABLE = YES;
				IPHONEOS_DEPLOYMENT_TARGET = 13.1;
				MTL_ENABLE_DEBUG_INFO = NO;
				MTL_FAST_MATH = YES;
				SDKROOT = iphoneos;
				SWIFT_COMPILATION_MODE = wholemodule;
				SWIFT_OPTIMIZATION_LEVEL = "-O";
				VALIDATE_PRODUCT = YES;
			};
			name = Release;
		};
		30D2756F237FA22B006AD3C7 /* Debug */ = {
			isa = XCBuildConfiguration;
			baseConfigurationReference = 54596777AD3B300A315DBE9F /* Pods-CryptoConverterApp.debug.xcconfig */;
			buildSettings = {
				ASSETCATALOG_COMPILER_APPICON_NAME = AppIcon;
				CODE_SIGN_STYLE = Automatic;
				DEVELOPMENT_TEAM = KV7D4W8SQB;
				INFOPLIST_FILE = CryptoConverterApp/Info.plist;
				LD_RUNPATH_SEARCH_PATHS = (
					"$(inherited)",
					"@executable_path/Frameworks",
				);
				PRODUCT_BUNDLE_IDENTIFIER = kz.Rodion.CryptoConverterApp;
				PRODUCT_NAME = "$(TARGET_NAME)";
				SWIFT_VERSION = 5.0;
				TARGETED_DEVICE_FAMILY = "1,2";
			};
			name = Debug;
		};
		30D27570237FA22B006AD3C7 /* Release */ = {
			isa = XCBuildConfiguration;
			baseConfigurationReference = AB1DD6D754911B357C9106BA /* Pods-CryptoConverterApp.release.xcconfig */;
			buildSettings = {
				ASSETCATALOG_COMPILER_APPICON_NAME = AppIcon;
				CODE_SIGN_STYLE = Automatic;
				DEVELOPMENT_TEAM = KV7D4W8SQB;
				INFOPLIST_FILE = CryptoConverterApp/Info.plist;
				LD_RUNPATH_SEARCH_PATHS = (
					"$(inherited)",
					"@executable_path/Frameworks",
				);
				PRODUCT_BUNDLE_IDENTIFIER = kz.Rodion.CryptoConverterApp;
				PRODUCT_NAME = "$(TARGET_NAME)";
				SWIFT_VERSION = 5.0;
				TARGETED_DEVICE_FAMILY = "1,2";
			};
			name = Release;
		};
/* End XCBuildConfiguration section */

/* Begin XCConfigurationList section */
		30D27555237FA228006AD3C7 /* Build configuration list for PBXProject "CryptoConverterApp" */ = {
			isa = XCConfigurationList;
			buildConfigurations = (
				30D2756C237FA22B006AD3C7 /* Debug */,
				30D2756D237FA22B006AD3C7 /* Release */,
			);
			defaultConfigurationIsVisible = 0;
			defaultConfigurationName = Release;
		};
		30D2756E237FA22B006AD3C7 /* Build configuration list for PBXNativeTarget "CryptoConverterApp" */ = {
			isa = XCConfigurationList;
			buildConfigurations = (
				30D2756F237FA22B006AD3C7 /* Debug */,
				30D27570237FA22B006AD3C7 /* Release */,
			);
			defaultConfigurationIsVisible = 0;
			defaultConfigurationName = Release;
		};
/* End XCConfigurationList section */
	};
	rootObject = 30D27552237FA228006AD3C7 /* Project object */;
}
